// !$*UTF8*$!
{
	archiveVersion = 1;
	classes = {
	};
	objectVersion = 50;
	objects = {

/* Begin PBXBuildFile section */
		07DA3A8A221407CE00D11EC9 /* AppDelegate.swift in Sources */ = {isa = PBXBuildFile; fileRef = 07DA3A89221407CE00D11EC9 /* AppDelegate.swift */; };
		07DA3A8C221407CE00D11EC9 /* ViewController.swift in Sources */ = {isa = PBXBuildFile; fileRef = 07DA3A8B221407CE00D11EC9 /* ViewController.swift */; };
		07DA3A8F221407CE00D11EC9 /* Main.storyboard in Resources */ = {isa = PBXBuildFile; fileRef = 07DA3A8D221407CE00D11EC9 /* Main.storyboard */; };
		07DA3A91221407CF00D11EC9 /* Assets.xcassets in Resources */ = {isa = PBXBuildFile; fileRef = 07DA3A90221407CF00D11EC9 /* Assets.xcassets */; };
		07DA3A94221407CF00D11EC9 /* LaunchScreen.storyboard in Resources */ = {isa = PBXBuildFile; fileRef = 07DA3A92221407CF00D11EC9 /* LaunchScreen.storyboard */; };
		40C65065ADB167CA4BA4BB5D /* libPods-PaymentSetupTesting.a in Frameworks */ = {isa = PBXBuildFile; fileRef = 0E7DE164A9F934D67F3F7752 /* libPods-PaymentSetupTesting.a */; };
/* End PBXBuildFile section */

/* Begin PBXFileReference section */
		07DA3A86221407CE00D11EC9 /* PaymentSetupTesting.app */ = {isa = PBXFileReference; explicitFileType = wrapper.application; includeInIndex = 0; path = PaymentSetupTesting.app; sourceTree = BUILT_PRODUCTS_DIR; };
		07DA3A89221407CE00D11EC9 /* AppDelegate.swift */ = {isa = PBXFileReference; lastKnownFileType = sourcecode.swift; path = AppDelegate.swift; sourceTree = "<group>"; };
		07DA3A8B221407CE00D11EC9 /* ViewController.swift */ = {isa = PBXFileReference; lastKnownFileType = sourcecode.swift; path = ViewController.swift; sourceTree = "<group>"; };
		07DA3A8E221407CE00D11EC9 /* Base */ = {isa = PBXFileReference; lastKnownFileType = file.storyboard; name = Base; path = Base.lproj/Main.storyboard; sourceTree = "<group>"; };
		07DA3A90221407CF00D11EC9 /* Assets.xcassets */ = {isa = PBXFileReference; lastKnownFileType = folder.assetcatalog; path = Assets.xcassets; sourceTree = "<group>"; };
		07DA3A93221407CF00D11EC9 /* Base */ = {isa = PBXFileReference; lastKnownFileType = file.storyboard; name = Base; path = Base.lproj/LaunchScreen.storyboard; sourceTree = "<group>"; };
		07DA3A95221407D000D11EC9 /* Info.plist */ = {isa = PBXFileReference; lastKnownFileType = text.plist.xml; path = Info.plist; sourceTree = "<group>"; };
		0E7DE164A9F934D67F3F7752 /* libPods-PaymentSetupTesting.a */ = {isa = PBXFileReference; explicitFileType = archive.ar; includeInIndex = 0; path = "libPods-PaymentSetupTesting.a"; sourceTree = BUILT_PRODUCTS_DIR; };
		33367BB35342163A0DAA2C32 /* Pods-PaymentSetupTesting.debug.xcconfig */ = {isa = PBXFileReference; includeInIndex = 1; lastKnownFileType = text.xcconfig; name = "Pods-PaymentSetupTesting.debug.xcconfig"; path = "Pods/Target Support Files/Pods-PaymentSetupTesting/Pods-PaymentSetupTesting.debug.xcconfig"; sourceTree = "<group>"; };
		FF634BF7A77B71E67B2D6E9F /* Pods-PaymentSetupTesting.release.xcconfig */ = {isa = PBXFileReference; includeInIndex = 1; lastKnownFileType = text.xcconfig; name = "Pods-PaymentSetupTesting.release.xcconfig"; path = "Pods/Target Support Files/Pods-PaymentSetupTesting/Pods-PaymentSetupTesting.release.xcconfig"; sourceTree = "<group>"; };
/* End PBXFileReference section */

/* Begin PBXFrameworksBuildPhase section */
		07DA3A83221407CE00D11EC9 /* Frameworks */ = {
			isa = PBXFrameworksBuildPhase;
			buildActionMask = 2147483647;
			files = (
				40C65065ADB167CA4BA4BB5D /* libPods-PaymentSetupTesting.a in Frameworks */,
			);
			runOnlyForDeploymentPostprocessing = 0;
		};
/* End PBXFrameworksBuildPhase section */

/* Begin PBXGroup section */
		07DA3A7D221407CE00D11EC9 = {
			isa = PBXGroup;
			children = (
				07DA3A88221407CE00D11EC9 /* PaymentSetupTesting */,
				07DA3A87221407CE00D11EC9 /* Products */,
				A4680D74123654E73BDB69C9 /* Pods */,
				F9063F6AAFE1F13C3CF5F225 /* Frameworks */,
			);
			sourceTree = "<group>";
		};
		07DA3A87221407CE00D11EC9 /* Products */ = {
			isa = PBXGroup;
			children = (
				07DA3A86221407CE00D11EC9 /* PaymentSetupTesting.app */,
			);
			name = Products;
			sourceTree = "<group>";
		};
		07DA3A88221407CE00D11EC9 /* PaymentSetupTesting */ = {
			isa = PBXGroup;
			children = (
				07DA3A89221407CE00D11EC9 /* AppDelegate.swift */,
				07DA3A8B221407CE00D11EC9 /* ViewController.swift */,
				07DA3A8D221407CE00D11EC9 /* Main.storyboard */,
				07DA3A90221407CF00D11EC9 /* Assets.xcassets */,
				07DA3A92221407CF00D11EC9 /* LaunchScreen.storyboard */,
				07DA3A95221407D000D11EC9 /* Info.plist */,
			);
			path = PaymentSetupTesting;
			sourceTree = "<group>";
		};
		A4680D74123654E73BDB69C9 /* Pods */ = {
			isa = PBXGroup;
			children = (
				33367BB35342163A0DAA2C32 /* Pods-PaymentSetupTesting.debug.xcconfig */,
				FF634BF7A77B71E67B2D6E9F /* Pods-PaymentSetupTesting.release.xcconfig */,
			);
			name = Pods;
			sourceTree = "<group>";
		};
		F9063F6AAFE1F13C3CF5F225 /* Frameworks */ = {
			isa = PBXGroup;
			children = (
				0E7DE164A9F934D67F3F7752 /* libPods-PaymentSetupTesting.a */,
			);
			name = Frameworks;
			sourceTree = "<group>";
		};
/* End PBXGroup section */

/* Begin PBXNativeTarget section */
		07DA3A85221407CE00D11EC9 /* PaymentSetupTesting */ = {
			isa = PBXNativeTarget;
			buildConfigurationList = 07DA3A98221407D000D11EC9 /* Build configuration list for PBXNativeTarget "PaymentSetupTesting" */;
			buildPhases = (
				7D3C3D8EF1FDE1A835D65E5B /* [CP] Check Pods Manifest.lock */,
				07DA3A82221407CE00D11EC9 /* Sources */,
				07DA3A83221407CE00D11EC9 /* Frameworks */,
				07DA3A84221407CE00D11EC9 /* Resources */,
			);
			buildRules = (
			);
			dependencies = (
			);
			name = PaymentSetupTesting;
			productName = PaymentSetupTesting;
			productReference = 07DA3A86221407CE00D11EC9 /* PaymentSetupTesting.app */;
			productType = "com.apple.product-type.application";
		};
/* End PBXNativeTarget section */

/* Begin PBXProject section */
		07DA3A7E221407CE00D11EC9 /* Project object */ = {
			isa = PBXProject;
			attributes = {
				LastSwiftUpdateCheck = 1010;
				LastUpgradeCheck = 1010;
				ORGANIZATIONNAME = maps;
				TargetAttributes = {
					07DA3A85221407CE00D11EC9 = {
						CreatedOnToolsVersion = 10.1;
					};
				};
			};
			buildConfigurationList = 07DA3A81221407CE00D11EC9 /* Build configuration list for PBXProject "PaymentSetupTesting" */;
			compatibilityVersion = "Xcode 9.3";
			developmentRegion = en;
			hasScannedForEncodings = 0;
			knownRegions = (
				en,
				Base,
			);
			mainGroup = 07DA3A7D221407CE00D11EC9;
			productRefGroup = 07DA3A87221407CE00D11EC9 /* Products */;
			projectDirPath = "";
			projectRoot = "";
			targets = (
				07DA3A85221407CE00D11EC9 /* PaymentSetupTesting */,
			);
		};
/* End PBXProject section */

/* Begin PBXResourcesBuildPhase section */
		07DA3A84221407CE00D11EC9 /* Resources */ = {
			isa = PBXResourcesBuildPhase;
			buildActionMask = 2147483647;
			files = (
				07DA3A94221407CF00D11EC9 /* LaunchScreen.storyboard in Resources */,
				07DA3A91221407CF00D11EC9 /* Assets.xcassets in Resources */,
				07DA3A8F221407CE00D11EC9 /* Main.storyboard in Resources */,
			);
			runOnlyForDeploymentPostprocessing = 0;
		};
/* End PBXResourcesBuildPhase section */

/* Begin PBXShellScriptBuildPhase section */
		7D3C3D8EF1FDE1A835D65E5B /* [CP] Check Pods Manifest.lock */ = {
			isa = PBXShellScriptBuildPhase;
			buildActionMask = 2147483647;
			files = (
			);
			inputFileListPaths = (
			);
			inputPaths = (
				"${PODS_PODFILE_DIR_PATH}/Podfile.lock",
				"${PODS_ROOT}/Manifest.lock",
			);
			name = "[CP] Check Pods Manifest.lock";
			outputFileListPaths = (
			);
			outputPaths = (
				"$(DERIVED_FILE_DIR)/Pods-PaymentSetupTesting-checkManifestLockResult.txt",
			);
			runOnlyForDeploymentPostprocessing = 0;
			shellPath = /bin/sh;
			shellScript = "diff \"${PODS_PODFILE_DIR_PATH}/Podfile.lock\" \"${PODS_ROOT}/Manifest.lock\" > /dev/null\nif [ $? != 0 ] ; then\n    # print error to STDERR\n    echo \"error: The sandbox is not in sync with the Podfile.lock. Run 'pod install' or update your CocoaPods installation.\" >&2\n    exit 1\nfi\n# This output is used by Xcode 'outputs' to avoid re-running this script phase.\necho \"SUCCESS\" > \"${SCRIPT_OUTPUT_FILE_0}\"\n";
			showEnvVarsInLog = 0;
		};
/* End PBXShellScriptBuildPhase section */

/* Begin PBXSourcesBuildPhase section */
		07DA3A82221407CE00D11EC9 /* Sources */ = {
			isa = PBXSourcesBuildPhase;
			buildActionMask = 2147483647;
			files = (
				07DA3A8C221407CE00D11EC9 /* ViewController.swift in Sources */,
				07DA3A8A221407CE00D11EC9 /* AppDelegate.swift in Sources */,
			);
			runOnlyForDeploymentPostprocessing = 0;
		};
/* End PBXSourcesBuildPhase section */

/* Begin PBXVariantGroup section */
		07DA3A8D221407CE00D11EC9 /* Main.storyboard */ = {
			isa = PBXVariantGroup;
			children = (
				07DA3A8E221407CE00D11EC9 /* Base */,
			);
			name = Main.storyboard;
			sourceTree = "<group>";
		};
		07DA3A92221407CF00D11EC9 /* LaunchScreen.storyboard */ = {
			isa = PBXVariantGroup;
			children = (
				07DA3A93221407CF00D11EC9 /* Base */,
			);
			name = LaunchScreen.storyboard;
			sourceTree = "<group>";
		};
/* End PBXVariantGroup section */

/* Begin XCBuildConfiguration section */
		07DA3A96221407D000D11EC9 /* Debug */ = {
			isa = XCBuildConfiguration;
			buildSettings = {
				ALWAYS_SEARCH_USER_PATHS = NO;
				CLANG_ANALYZER_NONNULL = YES;
				CLANG_ANALYZER_NUMBER_OBJECT_CONVERSION = YES_AGGRESSIVE;
				CLANG_CXX_LANGUAGE_STANDARD = "gnu++14";
				CLANG_CXX_LIBRARY = "libc++";
				CLANG_ENABLE_MODULES = YES;
				CLANG_ENABLE_OBJC_ARC = YES;
				CLANG_ENABLE_OBJC_WEAK = YES;
				CLANG_WARN_BLOCK_CAPTURE_AUTORELEASING = YES;
				CLANG_WARN_BOOL_CONVERSION = YES;
				CLANG_WARN_COMMA = YES;
				CLANG_WARN_CONSTANT_CONVERSION = YES;
				CLANG_WARN_DEPRECATED_OBJC_IMPLEMENTATIONS = YES;
				CLANG_WARN_DIRECT_OBJC_ISA_USAGE = YES_ERROR;
				CLANG_WARN_DOCUMENTATION_COMMENTS = YES;
				CLANG_WARN_EMPTY_BODY = YES;
				CLANG_WARN_ENUM_CONVERSION = YES;
				CLANG_WARN_INFINITE_RECURSION = YES;
				CLANG_WARN_INT_CONVERSION = YES;
				CLANG_WARN_NON_LITERAL_NULL_CONVERSION = YES;
				CLANG_WARN_OBJC_IMPLICIT_RETAIN_SELF = YES;
				CLANG_WARN_OBJC_LITERAL_CONVERSION = YES;
				CLANG_WARN_OBJC_ROOT_CLASS = YES_ERROR;
				CLANG_WARN_RANGE_LOOP_ANALYSIS = YES;
				CLANG_WARN_STRICT_PROTOTYPES = YES;
				CLANG_WARN_SUSPICIOUS_MOVE = YES;
				CLANG_WARN_UNGUARDED_AVAILABILITY = YES_AGGRESSIVE;
				CLANG_WARN_UNREACHABLE_CODE = YES;
				CLANG_WARN__DUPLICATE_METHOD_MATCH = YES;
				CODE_SIGN_IDENTITY = "iPhone Developer";
				COPY_PHASE_STRIP = NO;
				DEBUG_INFORMATION_FORMAT = dwarf;
				ENABLE_STRICT_OBJC_MSGSEND = YES;
				ENABLE_TESTABILITY = YES;
				GCC_C_LANGUAGE_STANDARD = gnu11;
				GCC_DYNAMIC_NO_PIC = NO;
				GCC_NO_COMMON_BLOCKS = YES;
				GCC_OPTIMIZATION_LEVEL = 0;
				GCC_PREPROCESSOR_DEFINITIONS = (
					"DEBUG=1",
					"$(inherited)",
				);
				GCC_WARN_64_TO_32_BIT_CONVERSION = YES;
				GCC_WARN_ABOUT_RETURN_TYPE = YES_ERROR;
				GCC_WARN_UNDECLARED_SELECTOR = YES;
				GCC_WARN_UNINITIALIZED_AUTOS = YES_AGGRESSIVE;
				GCC_WARN_UNUSED_FUNCTION = YES;
				GCC_WARN_UNUSED_VARIABLE = YES;
				IPHONEOS_DEPLOYMENT_TARGET = 12.1;
				MTL_ENABLE_DEBUG_INFO = INCLUDE_SOURCE;
				MTL_FAST_MATH = YES;
				ONLY_ACTIVE_ARCH = YES;
				SDKROOT = iphoneos;
				SWIFT_ACTIVE_COMPILATION_CONDITIONS = DEBUG;
				SWIFT_OPTIMIZATION_LEVEL = "-Onone";
			};
			name = Debug;
		};
		07DA3A97221407D000D11EC9 /* Release */ = {
			isa = XCBuildConfiguration;
			buildSettings = {
				ALWAYS_SEARCH_USER_PATHS = NO;
				CLANG_ANALYZER_NONNULL = YES;
				CLANG_ANALYZER_NUMBER_OBJECT_CONVERSION = YES_AGGRESSIVE;
				CLANG_CXX_LANGUAGE_STANDARD = "gnu++14";
				CLANG_CXX_LIBRARY = "libc++";
				CLANG_ENABLE_MODULES = YES;
				CLANG_ENABLE_OBJC_ARC = YES;
				CLANG_ENABLE_OBJC_WEAK = YES;
				CLANG_WARN_BLOCK_CAPTURE_AUTORELEASING = YES;
				CLANG_WARN_BOOL_CONVERSION = YES;
				CLANG_WARN_COMMA = YES;
				CLANG_WARN_CONSTANT_CONVERSION = YES;
				CLANG_WARN_DEPRECATED_OBJC_IMPLEMENTATIONS = YES;
				CLANG_WARN_DIRECT_OBJC_ISA_USAGE = YES_ERROR;
				CLANG_WARN_DOCUMENTATION_COMMENTS = YES;
				CLANG_WARN_EMPTY_BODY = YES;
				CLANG_WARN_ENUM_CONVERSION = YES;
				CLANG_WARN_INFINITE_RECURSION = YES;
				CLANG_WARN_INT_CONVERSION = YES;
				CLANG_WARN_NON_LITERAL_NULL_CONVERSION = YES;
				CLANG_WARN_OBJC_IMPLICIT_RETAIN_SELF = YES;
				CLANG_WARN_OBJC_LITERAL_CONVERSION = YES;
				CLANG_WARN_OBJC_ROOT_CLASS = YES_ERROR;
				CLANG_WARN_RANGE_LOOP_ANALYSIS = YES;
				CLANG_WARN_STRICT_PROTOTYPES = YES;
				CLANG_WARN_SUSPICIOUS_MOVE = YES;
				CLANG_WARN_UNGUARDED_AVAILABILITY = YES_AGGRESSIVE;
				CLANG_WARN_UNREACHABLE_CODE = YES;
				CLANG_WARN__DUPLICATE_METHOD_MATCH = YES;
				CODE_SIGN_IDENTITY = "iPhone Developer";
				COPY_PHASE_STRIP = NO;
				DEBUG_INFORMATION_FORMAT = "dwarf-with-dsym";
				ENABLE_NS_ASSERTIONS = NO;
				ENABLE_STRICT_OBJC_MSGSEND = YES;
				GCC_C_LANGUAGE_STANDARD = gnu11;
				GCC_NO_COMMON_BLOCKS = YES;
				GCC_WARN_64_TO_32_BIT_CONVERSION = YES;
				GCC_WARN_ABOUT_RETURN_TYPE = YES_ERROR;
				GCC_WARN_UNDECLARED_SELECTOR = YES;
				GCC_WARN_UNINITIALIZED_AUTOS = YES_AGGRESSIVE;
				GCC_WARN_UNUSED_FUNCTION = YES;
				GCC_WARN_UNUSED_VARIABLE = YES;
				IPHONEOS_DEPLOYMENT_TARGET = 12.1;
				MTL_ENABLE_DEBUG_INFO = NO;
				MTL_FAST_MATH = YES;
				SDKROOT = iphoneos;
				SWIFT_COMPILATION_MODE = wholemodule;
				SWIFT_OPTIMIZATION_LEVEL = "-O";
				VALIDATE_PRODUCT = YES;
			};
			name = Release;
		};
		07DA3A99221407D000D11EC9 /* Debug */ = {
			isa = XCBuildConfiguration;
			baseConfigurationReference = 33367BB35342163A0DAA2C32 /* Pods-PaymentSetupTesting.debug.xcconfig */;
			buildSettings = {
				ASSETCATALOG_COMPILER_APPICON_NAME = AppIcon;
				CODE_SIGN_STYLE = Automatic;
				INFOPLIST_FILE = PaymentSetupTesting/Info.plist;
				LD_RUNPATH_SEARCH_PATHS = (
					"$(inherited)",
					"@executable_path/Frameworks",
				);
				PRODUCT_BUNDLE_IDENTIFIER = com.telesoftas.PaymentSetupTesting;
				PRODUCT_NAME = "$(TARGET_NAME)";
				SWIFT_VERSION = 4.2;
				TARGETED_DEVICE_FAMILY = "1,2";
			};
			name = Debug;
		};
		07DA3A9A221407D000D11EC9 /* Release */ = {
			isa = XCBuildConfiguration;
			baseConfigurationReference = FF634BF7A77B71E67B2D6E9F /* Pods-PaymentSetupTesting.release.xcconfig */;
			buildSettings = {
				ASSETCATALOG_COMPILER_APPICON_NAME = AppIcon;
				CODE_SIGN_STYLE = Automatic;
				INFOPLIST_FILE = PaymentSetupTesting/Info.plist;
				LD_RUNPATH_SEARCH_PATHS = (
					"$(inherited)",
					"@executable_path/Frameworks",
				);
				PRODUCT_BUNDLE_IDENTIFIER = com.telesoftas.PaymentSetupTesting;
				PRODUCT_NAME = "$(TARGET_NAME)";
				SWIFT_VERSION = 4.2;
				TARGETED_DEVICE_FAMILY = "1,2";
			};
			name = Release;
		};
/* End XCBuildConfiguration section */

/* Begin XCConfigurationList section */
		07DA3A81221407CE00D11EC9 /* Build configuration list for PBXProject "PaymentSetupTesting" */ = {
			isa = XCConfigurationList;
			buildConfigurations = (
				07DA3A96221407D000D11EC9 /* Debug */,
				07DA3A97221407D000D11EC9 /* Release */,
			);
			defaultConfigurationIsVisible = 0;
			defaultConfigurationName = Release;
		};
		07DA3A98221407D000D11EC9 /* Build configuration list for PBXNativeTarget "PaymentSetupTesting" */ = {
			isa = XCConfigurationList;
			buildConfigurations = (
				07DA3A99221407D000D11EC9 /* Debug */,
				07DA3A9A221407D000D11EC9 /* Release */,
			);
			defaultConfigurationIsVisible = 0;
			defaultConfigurationName = Release;
		};
/* End XCConfigurationList section */
	};
	rootObject = 07DA3A7E221407CE00D11EC9 /* Project object */;
}
