PODS:
  - Alamofire (4.8.1)
  - DIBS (1.0.0)
  - ePay (1.0.0)
  - MobilePay-AppSwitch-SDK (1.8.1)
  - PaymentModule (1.0.0):
    - Alamofire

DEPENDENCIES:
  - DIBS (from `https://github.com/linarchabibulin/DibsPayment.git`)
  - ePay (from `https://github.com/cheskapac/epay-ios-sdk-lib.git`)
  - MobilePay-AppSwitch-SDK
  - PaymentModule (from `https://github.com/linarchabibulin/PaymentModule.git`)

SPEC REPOS:
  https://github.com/cocoapods/specs.git:
    - Alamofire
    - MobilePay-AppSwitch-SDK

EXTERNAL SOURCES:
  DIBS:
    :git: https://github.com/linarchabibulin/DibsPayment.git
  ePay:
    :git: https://github.com/cheskapac/epay-ios-sdk-lib.git
  PaymentModule:
    :git: https://github.com/linarchabibulin/PaymentModule.git

CHECKOUT OPTIONS:
  DIBS:
    :commit: 5b03b98cb2e410efe5694f1d0b2a2e815a6cc124
    :git: https://github.com/linarchabibulin/DibsPayment.git
  ePay:
    :commit: 8f4410091c71484c9d4a3ab71a73acf8fc9e7041
    :git: https://github.com/cheskapac/epay-ios-sdk-lib.git
  PaymentModule:
    :commit: 525de5b6cc61cf022a5655bf1cd27a2252b802d6
    :git: https://github.com/linarchabibulin/PaymentModule.git

SPEC CHECKSUMS:
  Alamofire: 16ce2c353fb72865124ddae8a57c5942388f4f11
  DIBS: 875fbfb95a28b453c4474c6c5508b8e6180216a5
  ePay: ebef0dedb389458a6e09f303fd5a204dc67407f0
  MobilePay-AppSwitch-SDK: 6ed36faad59e4cdd1bc8f8fde8f4a9f2d1e4cb2c
  PaymentModule: 38addcef39c5b894fc874ce45f52c3a95b0ec0b9

PODFILE CHECKSUM: a890f8ab281557dd52fa47ea34cf68ddc552aba4

COCOAPODS: 1.5.3
